
Microsoft Visual Studio Solution File, Format Version 12.00
# Visual Studio Version 17
VisualStudioVersion = 17.5.002.0
MinimumVisualStudioVersion = 10.0.40219.1
Project("{9A19103F-16F7-4668-BE54-9A1E7A4F7556}") = "api-companies-list", "api-companies-list.csproj", "{235F7F44-EC8E-4183-8F4F-CDD8A711763E}"
EndProject
Global
	GlobalSection(SolutionConfigurationPlatforms) = preSolution
		Debug|Any CPU = Debug|Any CPU
		Release|Any CPU = Release|Any CPU
	EndGlobalSection
	GlobalSection(ProjectConfigurationPlatforms) = postSolution
		{235F7F44-EC8E-4183-8F4F-CDD8A711763E}.Debug|Any CPU.ActiveCfg = Debug|Any CPU
		{235F7F44-EC8E-4183-8F4F-CDD8A711763E}.Debug|Any CPU.Build.0 = Debug|Any CPU
		{235F7F44-EC8E-4183-8F4F-CDD8A711763E}.Release|Any CPU.ActiveCfg = Release|Any CPU
		{235F7F44-EC8E-4183-8F4F-CDD8A711763E}.Release|Any CPU.Build.0 = Release|Any CPU
	EndGlobalSection
	GlobalSection(SolutionProperties) = preSolution
		HideSolutionNode = FALSE
	EndGlobalSection
	GlobalSection(ExtensibilityGlobals) = postSolution
		SolutionGuid = {94B70B81-25FB-4FC6-A0A6-A8CB1FC79EA7}
	EndGlobalSection
EndGlobal
